
Microsoft Visual Studio Solution File, Format Version 12.00
# Visual Studio Version 17
VisualStudioVersion = 17.2.32630.192
MinimumVisualStudioVersion = 10.0.40219.1
Project("{FAE04EC0-301F-11D3-BF4B-00C04F79EFBC}") = "StockProject.API", "StockProject.API\StockProject.API.csproj", "{FBCD2A2A-E2E0-4CFE-8CFD-521C63CA1C0B}"
EndProject
Project("{FAE04EC0-301F-11D3-BF4B-00C04F79EFBC}") = "StockProject.DataAccess", "StockProject.DataAccess\StockProject.DataAccess.csproj", "{7395CB8A-3E27-4637-B40D-DA8D0CC779C4}"
EndProject
Project("{FAE04EC0-301F-11D3-BF4B-00C04F79EFBC}") = "StockProject.Entities", "StockProject.Entities\StockProject.Entities.csproj", "{A6088BC2-EBB4-4B9F-973D-6F331DA91FF1}"
EndProject
Project("{FAE04EC0-301F-11D3-BF4B-00C04F79EFBC}") = "StockProject.Dtos", "StockProject.Dtos\StockProject.Dtos.csproj", "{0D687732-CBFB-4F58-803D-A41B94970361}"
EndProject
Project("{FAE04EC0-301F-11D3-BF4B-00C04F79EFBC}") = "StockProject.Bussiness", "StockProject.Bussiness\StockProject.Bussiness.csproj", "{E1AEFFF5-A7CC-4456-ACEF-0BA252BBA830}"
EndProject
Project("{FAE04EC0-301F-11D3-BF4B-00C04F79EFBC}") = "StockProject.Common", "StockProject.Common\StockProject.Common.csproj", "{E262416A-55B8-44AC-BF49-737EE179EAE2}"
EndProject
Global
	GlobalSection(SolutionConfigurationPlatforms) = preSolution
		Debug|Any CPU = Debug|Any CPU
		Release|Any CPU = Release|Any CPU
	EndGlobalSection
	GlobalSection(ProjectConfigurationPlatforms) = postSolution
		{FBCD2A2A-E2E0-4CFE-8CFD-521C63CA1C0B}.Debug|Any CPU.ActiveCfg = Debug|Any CPU
		{FBCD2A2A-E2E0-4CFE-8CFD-521C63CA1C0B}.Debug|Any CPU.Build.0 = Debug|Any CPU
		{FBCD2A2A-E2E0-4CFE-8CFD-521C63CA1C0B}.Release|Any CPU.ActiveCfg = Release|Any CPU
		{FBCD2A2A-E2E0-4CFE-8CFD-521C63CA1C0B}.Release|Any CPU.Build.0 = Release|Any CPU
		{7395CB8A-3E27-4637-B40D-DA8D0CC779C4}.Debug|Any CPU.ActiveCfg = Debug|Any CPU
		{7395CB8A-3E27-4637-B40D-DA8D0CC779C4}.Debug|Any CPU.Build.0 = Debug|Any CPU
		{7395CB8A-3E27-4637-B40D-DA8D0CC779C4}.Release|Any CPU.ActiveCfg = Release|Any CPU
		{7395CB8A-3E27-4637-B40D-DA8D0CC779C4}.Release|Any CPU.Build.0 = Release|Any CPU
		{A6088BC2-EBB4-4B9F-973D-6F331DA91FF1}.Debug|Any CPU.ActiveCfg = Debug|Any CPU
		{A6088BC2-EBB4-4B9F-973D-6F331DA91FF1}.Debug|Any CPU.Build.0 = Debug|Any CPU
		{A6088BC2-EBB4-4B9F-973D-6F331DA91FF1}.Release|Any CPU.ActiveCfg = Release|Any CPU
		{A6088BC2-EBB4-4B9F-973D-6F331DA91FF1}.Release|Any CPU.Build.0 = Release|Any CPU
		{0D687732-CBFB-4F58-803D-A41B94970361}.Debug|Any CPU.ActiveCfg = Debug|Any CPU
		{0D687732-CBFB-4F58-803D-A41B94970361}.Debug|Any CPU.Build.0 = Debug|Any CPU
		{0D687732-CBFB-4F58-803D-A41B94970361}.Release|Any CPU.ActiveCfg = Release|Any CPU
		{0D687732-CBFB-4F58-803D-A41B94970361}.Release|Any CPU.Build.0 = Release|Any CPU
		{E1AEFFF5-A7CC-4456-ACEF-0BA252BBA830}.Debug|Any CPU.ActiveCfg = Debug|Any CPU
		{E1AEFFF5-A7CC-4456-ACEF-0BA252BBA830}.Debug|Any CPU.Build.0 = Debug|Any CPU
		{E1AEFFF5-A7CC-4456-ACEF-0BA252BBA830}.Release|Any CPU.ActiveCfg = Release|Any CPU
		{E1AEFFF5-A7CC-4456-ACEF-0BA252BBA830}.Release|Any CPU.Build.0 = Release|Any CPU
		{E262416A-55B8-44AC-BF49-737EE179EAE2}.Debug|Any CPU.ActiveCfg = Debug|Any CPU
		{E262416A-55B8-44AC-BF49-737EE179EAE2}.Debug|Any CPU.Build.0 = Debug|Any CPU
		{E262416A-55B8-44AC-BF49-737EE179EAE2}.Release|Any CPU.ActiveCfg = Release|Any CPU
		{E262416A-55B8-44AC-BF49-737EE179EAE2}.Release|Any CPU.Build.0 = Release|Any CPU
	EndGlobalSection
	GlobalSection(SolutionProperties) = preSolution
		HideSolutionNode = FALSE
	EndGlobalSection
	GlobalSection(ExtensibilityGlobals) = postSolution
		SolutionGuid = {FDCA212D-EFEA-4369-8880-854F28EE05A2}
	EndGlobalSection
EndGlobal
